github.com/emicklei/dot v0.9.3 h1:w5L9uYR6o6Bj7ZyfzbSFnMdQJBU89zfs9emxaLa0svI=
github.com/emicklei/dot v0.9.3/go.mod h1:kZg82Ikwc4pqb31Ct2yb0B7RUqxh3JESIXw2uWSv/xY=
github.com/mhausenblas/kubecuddler v0.0.0-20181012110128-5836f3e4e7d0 h1:TZSzAlXKCKnstV6euLVFkwI4gHudDPoLqq3/kBaR3PI=
github.com/mhausenblas/kubecuddler v0.0.0-20181012110128-5836f3e4e7d0/go.mod h1:6FIXVGLaL5pg6GSkmkDEY1TaRCNySC7DdR+/PF0OClo=
